
Microsoft Visual Studio Solution File, Format Version 12.00
# Visual Studio Version 17
VisualStudioVersion = 17.8.34330.188
MinimumVisualStudioVersion = 10.0.40219.1
Project("{FAE04EC0-301F-11D3-BF4B-00C04F79EFBC}") = "First_Window_App_1.1", "First_Window_App_1.1\First_Window_App_1.1.csproj", "{1B723411-80DF-4AD7-B209-C677D65FD8FF}"
EndProject
Global
	GlobalSection(SolutionConfigurationPlatforms) = preSolution
		Debug|Any CPU = Debug|Any CPU
		Release|Any CPU = Release|Any CPU
	EndGlobalSection
	GlobalSection(ProjectConfigurationPlatforms) = postSolution
		{1B723411-80DF-4AD7-B209-C677D65FD8FF}.Debug|Any CPU.ActiveCfg = Debug|Any CPU
		{1B723411-80DF-4AD7-B209-C677D65FD8FF}.Debug|Any CPU.Build.0 = Debug|Any CPU
		{1B723411-80DF-4AD7-B209-C677D65FD8FF}.Release|Any CPU.ActiveCfg = Release|Any CPU
		{1B723411-80DF-4AD7-B209-C677D65FD8FF}.Release|Any CPU.Build.0 = Release|Any CPU
	EndGlobalSection
	GlobalSection(SolutionProperties) = preSolution
		HideSolutionNode = FALSE
	EndGlobalSection
	GlobalSection(ExtensibilityGlobals) = postSolution
		SolutionGuid = {2299B9A1-88ED-4C0F-8209-7DDCB3122998}
	EndGlobalSection
EndGlobal
